// !$*UTF8*$!
{
	archiveVersion = 1;
	classes = {
	};
	objectVersion = 51;
	objects = {

/* Begin PBXBuildFile section */
		8B09258C242D20D2009991F5 /* InfoView.swift in Sources */ = {isa = PBXBuildFile; fileRef = 8B09258B242D20D2009991F5 /* InfoView.swift */; };
		8B09258E242D31D0009991F5 /* LastCell.swift in Sources */ = {isa = PBXBuildFile; fileRef = 8B09258D242D31D0009991F5 /* LastCell.swift */; };
		8B7779A92428EA27007E4BEA /* RMCharacterViewModel.swift in Sources */ = {isa = PBXBuildFile; fileRef = 8B7779A82428EA27007E4BEA /* RMCharacterViewModel.swift */; };
		8B94BBCC2428DDA60061DD3A /* EndPoints.swift in Sources */ = {isa = PBXBuildFile; fileRef = 8B94BBCB2428DDA60061DD3A /* EndPoints.swift */; };
		8B94BBCE2428E1120061DD3A /* HTTPMethod.swift in Sources */ = {isa = PBXBuildFile; fileRef = 8B94BBCD2428E1120061DD3A /* HTTPMethod.swift */; };
		8B94BBD12428E2930061DD3A /* RMCharacterRequest.swift in Sources */ = {isa = PBXBuildFile; fileRef = 8B94BBD02428E2930061DD3A /* RMCharacterRequest.swift */; };
		8B94BE90242BD10300AE6FAA /* DetailView.swift in Sources */ = {isa = PBXBuildFile; fileRef = 8B94BE8F242BD10300AE6FAA /* DetailView.swift */; };
		8BA5216E2428D2B1009888AF /* AppDelegate.swift in Sources */ = {isa = PBXBuildFile; fileRef = 8BA5216D2428D2B1009888AF /* AppDelegate.swift */; };
		8BA521702428D2B1009888AF /* SceneDelegate.swift in Sources */ = {isa = PBXBuildFile; fileRef = 8BA5216F2428D2B1009888AF /* SceneDelegate.swift */; };
		8BA521722428D2B1009888AF /* CharactersView.swift in Sources */ = {isa = PBXBuildFile; fileRef = 8BA521712428D2B1009888AF /* CharactersView.swift */; };
		8BA521742428D2B6009888AF /* Assets.xcassets in Resources */ = {isa = PBXBuildFile; fileRef = 8BA521732428D2B6009888AF /* Assets.xcassets */; };
		8BA521772428D2B6009888AF /* Preview Assets.xcassets in Resources */ = {isa = PBXBuildFile; fileRef = 8BA521762428D2B6009888AF /* Preview Assets.xcassets */; };
		8BA5217A2428D2B6009888AF /* LaunchScreen.storyboard in Resources */ = {isa = PBXBuildFile; fileRef = 8BA521782428D2B6009888AF /* LaunchScreen.storyboard */; };
		8BA521842428D6AE009888AF /* RMWorld.swift in Sources */ = {isa = PBXBuildFile; fileRef = 8BA521832428D6AE009888AF /* RMWorld.swift */; };
		8BA521862428D98B009888AF /* NetworkService.swift in Sources */ = {isa = PBXBuildFile; fileRef = 8BA521852428D98B009888AF /* NetworkService.swift */; };
		8BA521882428DAF4009888AF /* APIBaseRequest.swift in Sources */ = {isa = PBXBuildFile; fileRef = 8BA521872428DAF4009888AF /* APIBaseRequest.swift */; };
		8BC28FF5242BE66600F6B581 /* CircleImage.swift in Sources */ = {isa = PBXBuildFile; fileRef = 8BC28FF4242BE66600F6B581 /* CircleImage.swift */; };
		8BDE2648242A2A3F00797556 /* ImageLoader.swift in Sources */ = {isa = PBXBuildFile; fileRef = 8BDE2647242A2A3F00797556 /* ImageLoader.swift */; };
		8BDE264A242A2C3600797556 /* CharacterCell.swift in Sources */ = {isa = PBXBuildFile; fileRef = 8BDE2649242A2C3600797556 /* CharacterCell.swift */; };
		8BDE264E242A2C7800797556 /* AsyncImage.swift in Sources */ = {isa = PBXBuildFile; fileRef = 8BDE264D242A2C7800797556 /* AsyncImage.swift */; };
		8BDE2650242A363300797556 /* TemporaryImageCache.swift in Sources */ = {isa = PBXBuildFile; fileRef = 8BDE264F242A363300797556 /* TemporaryImageCache.swift */; };
		AC92DED1C7F4AE25BC96882C /* Pods_RickAndMorty_SwiftUI_Combine.framework in Frameworks */ = {isa = PBXBuildFile; fileRef = B3A8AAD17E1322D3D4CBD016 /* Pods_RickAndMorty_SwiftUI_Combine.framework */; };
/* End PBXBuildFile section */

/* Begin PBXFileReference section */
		33ECFBC46BB0ED6280FE4AF4 /* Pods-RickAndMorty-SwiftUI-Combine.release.xcconfig */ = {isa = PBXFileReference; includeInIndex = 1; lastKnownFileType = text.xcconfig; name = "Pods-RickAndMorty-SwiftUI-Combine.release.xcconfig"; path = "Target Support Files/Pods-RickAndMorty-SwiftUI-Combine/Pods-RickAndMorty-SwiftUI-Combine.release.xcconfig"; sourceTree = "<group>"; };
		8B09258B242D20D2009991F5 /* InfoView.swift */ = {isa = PBXFileReference; lastKnownFileType = sourcecode.swift; path = InfoView.swift; sourceTree = "<group>"; };
		8B09258D242D31D0009991F5 /* LastCell.swift */ = {isa = PBXFileReference; lastKnownFileType = sourcecode.swift; path = LastCell.swift; sourceTree = "<group>"; };
		8B7779A82428EA27007E4BEA /* RMCharacterViewModel.swift */ = {isa = PBXFileReference; lastKnownFileType = sourcecode.swift; path = RMCharacterViewModel.swift; sourceTree = "<group>"; };
		8B94BBCB2428DDA60061DD3A /* EndPoints.swift */ = {isa = PBXFileReference; lastKnownFileType = sourcecode.swift; path = EndPoints.swift; sourceTree = "<group>"; };
		8B94BBCD2428E1120061DD3A /* HTTPMethod.swift */ = {isa = PBXFileReference; lastKnownFileType = sourcecode.swift; path = HTTPMethod.swift; sourceTree = "<group>"; };
		8B94BBD02428E2930061DD3A /* RMCharacterRequest.swift */ = {isa = PBXFileReference; lastKnownFileType = sourcecode.swift; path = RMCharacterRequest.swift; sourceTree = "<group>"; };
		8B94BE8F242BD10300AE6FAA /* DetailView.swift */ = {isa = PBXFileReference; lastKnownFileType = sourcecode.swift; path = DetailView.swift; sourceTree = "<group>"; };
		8BA5216A2428D2B1009888AF /* RickAndMorty-SwiftUI-Combine.app */ = {isa = PBXFileReference; explicitFileType = wrapper.application; includeInIndex = 0; path = "RickAndMorty-SwiftUI-Combine.app"; sourceTree = BUILT_PRODUCTS_DIR; };
		8BA5216D2428D2B1009888AF /* AppDelegate.swift */ = {isa = PBXFileReference; lastKnownFileType = sourcecode.swift; path = AppDelegate.swift; sourceTree = "<group>"; };
		8BA5216F2428D2B1009888AF /* SceneDelegate.swift */ = {isa = PBXFileReference; lastKnownFileType = sourcecode.swift; path = SceneDelegate.swift; sourceTree = "<group>"; };
		8BA521712428D2B1009888AF /* CharactersView.swift */ = {isa = PBXFileReference; lastKnownFileType = sourcecode.swift; path = CharactersView.swift; sourceTree = "<group>"; };
		8BA521732428D2B6009888AF /* Assets.xcassets */ = {isa = PBXFileReference; lastKnownFileType = folder.assetcatalog; path = Assets.xcassets; sourceTree = "<group>"; };
		8BA521762428D2B6009888AF /* Preview Assets.xcassets */ = {isa = PBXFileReference; lastKnownFileType = folder.assetcatalog; path = "Preview Assets.xcassets"; sourceTree = "<group>"; };
		8BA521792428D2B6009888AF /* Base */ = {isa = PBXFileReference; lastKnownFileType = file.storyboard; name = Base; path = Base.lproj/LaunchScreen.storyboard; sourceTree = "<group>"; };
		8BA5217B2428D2B6009888AF /* Info.plist */ = {isa = PBXFileReference; lastKnownFileType = text.plist.xml; path = Info.plist; sourceTree = "<group>"; };
		8BA521832428D6AE009888AF /* RMWorld.swift */ = {isa = PBXFileReference; lastKnownFileType = sourcecode.swift; path = RMWorld.swift; sourceTree = "<group>"; };
		8BA521852428D98B009888AF /* NetworkService.swift */ = {isa = PBXFileReference; lastKnownFileType = sourcecode.swift; path = NetworkService.swift; sourceTree = "<group>"; };
		8BA521872428DAF4009888AF /* APIBaseRequest.swift */ = {isa = PBXFileReference; lastKnownFileType = sourcecode.swift; path = APIBaseRequest.swift; sourceTree = "<group>"; };
		8BC28FF4242BE66600F6B581 /* CircleImage.swift */ = {isa = PBXFileReference; lastKnownFileType = sourcecode.swift; path = CircleImage.swift; sourceTree = "<group>"; };
		8BDE2647242A2A3F00797556 /* ImageLoader.swift */ = {isa = PBXFileReference; lastKnownFileType = sourcecode.swift; path = ImageLoader.swift; sourceTree = "<group>"; };
		8BDE2649242A2C3600797556 /* CharacterCell.swift */ = {isa = PBXFileReference; lastKnownFileType = sourcecode.swift; path = CharacterCell.swift; sourceTree = "<group>"; };
		8BDE264D242A2C7800797556 /* AsyncImage.swift */ = {isa = PBXFileReference; lastKnownFileType = sourcecode.swift; path = AsyncImage.swift; sourceTree = "<group>"; };
		8BDE264F242A363300797556 /* TemporaryImageCache.swift */ = {isa = PBXFileReference; lastKnownFileType = sourcecode.swift; path = TemporaryImageCache.swift; sourceTree = "<group>"; };
		B3A8AAD17E1322D3D4CBD016 /* Pods_RickAndMorty_SwiftUI_Combine.framework */ = {isa = PBXFileReference; explicitFileType = wrapper.framework; includeInIndex = 0; path = Pods_RickAndMorty_SwiftUI_Combine.framework; sourceTree = BUILT_PRODUCTS_DIR; };
		DEF6B76C4BD5712F43BF5DFE /* Pods-RickAndMorty-SwiftUI-Combine.debug.xcconfig */ = {isa = PBXFileReference; includeInIndex = 1; lastKnownFileType = text.xcconfig; name = "Pods-RickAndMorty-SwiftUI-Combine.debug.xcconfig"; path = "Target Support Files/Pods-RickAndMorty-SwiftUI-Combine/Pods-RickAndMorty-SwiftUI-Combine.debug.xcconfig"; sourceTree = "<group>"; };
/* End PBXFileReference section */

/* Begin PBXFrameworksBuildPhase section */
		8BA521672428D2B1009888AF /* Frameworks */ = {
			isa = PBXFrameworksBuildPhase;
			buildActionMask = 2147483647;
			files = (
				AC92DED1C7F4AE25BC96882C /* Pods_RickAndMorty_SwiftUI_Combine.framework in Frameworks */,
			);
			runOnlyForDeploymentPostprocessing = 0;
		};
/* End PBXFrameworksBuildPhase section */

/* Begin PBXGroup section */
		04460733CCB586EAA6EAEF6B /* Frameworks */ = {
			isa = PBXGroup;
			children = (
				B3A8AAD17E1322D3D4CBD016 /* Pods_RickAndMorty_SwiftUI_Combine.framework */,
			);
			name = Frameworks;
			sourceTree = "<group>";
		};
		8B94BBCF2428E27C0061DD3A /* UI */ = {
			isa = PBXGroup;
			children = (
				8B94BE8D242BD0B100AE6FAA /* View */,
				8BDE264C242A2C6600797556 /* AsyncImage */,
			);
			path = UI;
			sourceTree = "<group>";
		};
		8B94BE8D242BD0B100AE6FAA /* View */ = {
			isa = PBXGroup;
			children = (
				8BC28FF3242BE59500F6B581 /* HelperViews */,
				8B94BE8E242BD0B600AE6FAA /* CharactersView */,
				8BC28FF6242BE92400F6B581 /* DetailView */,
			);
			path = View;
			sourceTree = "<group>";
		};
		8B94BE8E242BD0B600AE6FAA /* CharactersView */ = {
			isa = PBXGroup;
			children = (
				8BDE26462429FF7800797556 /* Request */,
				8BDE26452429FF7000797556 /* Model */,
				8BDE264B242A2C3B00797556 /* Cell */,
				8B7779A82428EA27007E4BEA /* RMCharacterViewModel.swift */,
				8BA521712428D2B1009888AF /* CharactersView.swift */,
			);
			path = CharactersView;
			sourceTree = "<group>";
		};
		8BA521612428D2B1009888AF = {
			isa = PBXGroup;
			children = (
				8BA5216C2428D2B1009888AF /* RickAndMorty-SwiftUI-Combine */,
				8BA5216B2428D2B1009888AF /* Products */,
				EF9934419A3F78A928E2A30D /* Pods */,
				04460733CCB586EAA6EAEF6B /* Frameworks */,
			);
			sourceTree = "<group>";
		};
		8BA5216B2428D2B1009888AF /* Products */ = {
			isa = PBXGroup;
			children = (
				8BA5216A2428D2B1009888AF /* RickAndMorty-SwiftUI-Combine.app */,
			);
			name = Products;
			sourceTree = "<group>";
		};
		8BA5216C2428D2B1009888AF /* RickAndMorty-SwiftUI-Combine */ = {
			isa = PBXGroup;
			children = (
				8BA521822428D698009888AF /* Model */,
				8BA521812428D572009888AF /* Service */,
				8B94BBCF2428E27C0061DD3A /* UI */,
				8BA5216D2428D2B1009888AF /* AppDelegate.swift */,
				8BA5216F2428D2B1009888AF /* SceneDelegate.swift */,
				8BA521732428D2B6009888AF /* Assets.xcassets */,
				8BA521782428D2B6009888AF /* LaunchScreen.storyboard */,
				8BA5217B2428D2B6009888AF /* Info.plist */,
				8BA521752428D2B6009888AF /* Preview Content */,
			);
			path = "RickAndMorty-SwiftUI-Combine";
			sourceTree = "<group>";
		};
		8BA521752428D2B6009888AF /* Preview Content */ = {
			isa = PBXGroup;
			children = (
				8BA521762428D2B6009888AF /* Preview Assets.xcassets */,
			);
			path = "Preview Content";
			sourceTree = "<group>";
		};
		8BA521812428D572009888AF /* Service */ = {
			isa = PBXGroup;
			children = (
				8BA521872428DAF4009888AF /* APIBaseRequest.swift */,
				8BA521852428D98B009888AF /* NetworkService.swift */,
				8BDE2647242A2A3F00797556 /* ImageLoader.swift */,
				8BDE264F242A363300797556 /* TemporaryImageCache.swift */,
			);
			name = Service;
			path = "New Group";
			sourceTree = "<group>";
		};
		8BA521822428D698009888AF /* Model */ = {
			isa = PBXGroup;
			children = (
				8B94BBCB2428DDA60061DD3A /* EndPoints.swift */,
				8B94BBCD2428E1120061DD3A /* HTTPMethod.swift */,
			);
			path = Model;
			sourceTree = "<group>";
		};
		8BC28FF3242BE59500F6B581 /* HelperViews */ = {
			isa = PBXGroup;
			children = (
				8BC28FF4242BE66600F6B581 /* CircleImage.swift */,
				8B09258B242D20D2009991F5 /* InfoView.swift */,
			);
			path = HelperViews;
			sourceTree = "<group>";
		};
		8BC28FF6242BE92400F6B581 /* DetailView */ = {
			isa = PBXGroup;
			children = (
				8B94BE8F242BD10300AE6FAA /* DetailView.swift */,
			);
			path = DetailView;
			sourceTree = "<group>";
		};
		8BDE26452429FF7000797556 /* Model */ = {
			isa = PBXGroup;
			children = (
				8BA521832428D6AE009888AF /* RMWorld.swift */,
			);
			path = Model;
			sourceTree = "<group>";
		};
		8BDE26462429FF7800797556 /* Request */ = {
			isa = PBXGroup;
			children = (
				8B94BBD02428E2930061DD3A /* RMCharacterRequest.swift */,
			);
			path = Request;
			sourceTree = "<group>";
		};
		8BDE264B242A2C3B00797556 /* Cell */ = {
			isa = PBXGroup;
			children = (
				8BDE2649242A2C3600797556 /* CharacterCell.swift */,
				8B09258D242D31D0009991F5 /* LastCell.swift */,
			);
			path = Cell;
			sourceTree = "<group>";
		};
		8BDE264C242A2C6600797556 /* AsyncImage */ = {
			isa = PBXGroup;
			children = (
				8BDE264D242A2C7800797556 /* AsyncImage.swift */,
			);
			path = AsyncImage;
			sourceTree = "<group>";
		};
		EF9934419A3F78A928E2A30D /* Pods */ = {
			isa = PBXGroup;
			children = (
				DEF6B76C4BD5712F43BF5DFE /* Pods-RickAndMorty-SwiftUI-Combine.debug.xcconfig */,
				33ECFBC46BB0ED6280FE4AF4 /* Pods-RickAndMorty-SwiftUI-Combine.release.xcconfig */,
			);
			path = Pods;
			sourceTree = "<group>";
		};
/* End PBXGroup section */

/* Begin PBXNativeTarget section */
		8BA521692428D2B1009888AF /* RickAndMorty-SwiftUI-Combine */ = {
			isa = PBXNativeTarget;
			buildConfigurationList = 8BA5217E2428D2B6009888AF /* Build configuration list for PBXNativeTarget "RickAndMorty-SwiftUI-Combine" */;
			buildPhases = (
				33B4EB6E6DDCCC50D486D38D /* [CP] Check Pods Manifest.lock */,
				8BA521662428D2B1009888AF /* Sources */,
				8BA521672428D2B1009888AF /* Frameworks */,
				8BA521682428D2B1009888AF /* Resources */,
				FA8EB4BCC9FE370D4987D975 /* [CP] Embed Pods Frameworks */,
			);
			buildRules = (
			);
			dependencies = (
			);
			name = "RickAndMorty-SwiftUI-Combine";
			productName = "RickAndMorty-SwiftUI-Combine";
			productReference = 8BA5216A2428D2B1009888AF /* RickAndMorty-SwiftUI-Combine.app */;
			productType = "com.apple.product-type.application";
		};
/* End PBXNativeTarget section */

/* Begin PBXProject section */
		8BA521622428D2B1009888AF /* Project object */ = {
			isa = PBXProject;
			attributes = {
				LastSwiftUpdateCheck = 1130;
				LastUpgradeCheck = 1130;
				ORGANIZATIONNAME = Developer;
				TargetAttributes = {
					8BA521692428D2B1009888AF = {
						CreatedOnToolsVersion = 11.3.1;
					};
				};
			};
			buildConfigurationList = 8BA521652428D2B1009888AF /* Build configuration list for PBXProject "RickAndMorty-SwiftUI-Combine" */;
			compatibilityVersion = "Xcode 9.3";
			developmentRegion = en;
			hasScannedForEncodings = 0;
			knownRegions = (
				en,
				Base,
			);
			mainGroup = 8BA521612428D2B1009888AF;
			productRefGroup = 8BA5216B2428D2B1009888AF /* Products */;
			projectDirPath = "";
			projectRoot = "";
			targets = (
				8BA521692428D2B1009888AF /* RickAndMorty-SwiftUI-Combine */,
			);
		};
/* End PBXProject section */

/* Begin PBXResourcesBuildPhase section */
		8BA521682428D2B1009888AF /* Resources */ = {
			isa = PBXResourcesBuildPhase;
			buildActionMask = 2147483647;
			files = (
				8BA5217A2428D2B6009888AF /* LaunchScreen.storyboard in Resources */,
				8BA521772428D2B6009888AF /* Preview Assets.xcassets in Resources */,
				8BA521742428D2B6009888AF /* Assets.xcassets in Resources */,
			);
			runOnlyForDeploymentPostprocessing = 0;
		};
/* End PBXResourcesBuildPhase section */

/* Begin PBXShellScriptBuildPhase section */
		33B4EB6E6DDCCC50D486D38D /* [CP] Check Pods Manifest.lock */ = {
			isa = PBXShellScriptBuildPhase;
			buildActionMask = 2147483647;
			files = (
			);
			inputFileListPaths = (
			);
			inputPaths = (
				"${PODS_PODFILE_DIR_PATH}/Podfile.lock",
				"${PODS_ROOT}/Manifest.lock",
			);
			name = "[CP] Check Pods Manifest.lock";
			outputFileListPaths = (
			);
			outputPaths = (
				"$(DERIVED_FILE_DIR)/Pods-RickAndMorty-SwiftUI-Combine-checkManifestLockResult.txt",
			);
			runOnlyForDeploymentPostprocessing = 0;
			shellPath = /bin/sh;
			shellScript = "diff \"${PODS_PODFILE_DIR_PATH}/Podfile.lock\" \"${PODS_ROOT}/Manifest.lock\" > /dev/null\nif [ $? != 0 ] ; then\n    # print error to STDERR\n    echo \"error: The sandbox is not in sync with the Podfile.lock. Run 'pod install' or update your CocoaPods installation.\" >&2\n    exit 1\nfi\n# This output is used by Xcode 'outputs' to avoid re-running this script phase.\necho \"SUCCESS\" > \"${SCRIPT_OUTPUT_FILE_0}\"\n";
			showEnvVarsInLog = 0;
		};
		FA8EB4BCC9FE370D4987D975 /* [CP] Embed Pods Frameworks */ = {
			isa = PBXShellScriptBuildPhase;
			buildActionMask = 2147483647;
			files = (
			);
			inputFileListPaths = (
				"${PODS_ROOT}/Target Support Files/Pods-RickAndMorty-SwiftUI-Combine/Pods-RickAndMorty-SwiftUI-Combine-frameworks-${CONFIGURATION}-input-files.xcfilelist",
			);
			name = "[CP] Embed Pods Frameworks";
			outputFileListPaths = (
				"${PODS_ROOT}/Target Support Files/Pods-RickAndMorty-SwiftUI-Combine/Pods-RickAndMorty-SwiftUI-Combine-frameworks-${CONFIGURATION}-output-files.xcfilelist",
			);
			runOnlyForDeploymentPostprocessing = 0;
			shellPath = /bin/sh;
			shellScript = "\"${PODS_ROOT}/Target Support Files/Pods-RickAndMorty-SwiftUI-Combine/Pods-RickAndMorty-SwiftUI-Combine-frameworks.sh\"\n";
			showEnvVarsInLog = 0;
		};
/* End PBXShellScriptBuildPhase section */

/* Begin PBXSourcesBuildPhase section */
		8BA521662428D2B1009888AF /* Sources */ = {
			isa = PBXSourcesBuildPhase;
			buildActionMask = 2147483647;
			files = (
				8BA521862428D98B009888AF /* NetworkService.swift in Sources */,
				8BC28FF5242BE66600F6B581 /* CircleImage.swift in Sources */,
				8BA5216E2428D2B1009888AF /* AppDelegate.swift in Sources */,
				8B94BBD12428E2930061DD3A /* RMCharacterRequest.swift in Sources */,
				8B09258C242D20D2009991F5 /* InfoView.swift in Sources */,
				8B09258E242D31D0009991F5 /* LastCell.swift in Sources */,
				8BDE264A242A2C3600797556 /* CharacterCell.swift in Sources */,
				8BA521702428D2B1009888AF /* SceneDelegate.swift in Sources */,
				8B94BBCC2428DDA60061DD3A /* EndPoints.swift in Sources */,
				8BDE2648242A2A3F00797556 /* ImageLoader.swift in Sources */,
				8B94BBCE2428E1120061DD3A /* HTTPMethod.swift in Sources */,
				8BA521722428D2B1009888AF /* CharactersView.swift in Sources */,
				8BA521882428DAF4009888AF /* APIBaseRequest.swift in Sources */,
				8BDE2650242A363300797556 /* TemporaryImageCache.swift in Sources */,
				8BA521842428D6AE009888AF /* RMWorld.swift in Sources */,
				8BDE264E242A2C7800797556 /* AsyncImage.swift in Sources */,
				8B94BE90242BD10300AE6FAA /* DetailView.swift in Sources */,
				8B7779A92428EA27007E4BEA /* RMCharacterViewModel.swift in Sources */,
			);
			runOnlyForDeploymentPostprocessing = 0;
		};
/* End PBXSourcesBuildPhase section */

/* Begin PBXVariantGroup section */
		8BA521782428D2B6009888AF /* LaunchScreen.storyboard */ = {
			isa = PBXVariantGroup;
			children = (
				8BA521792428D2B6009888AF /* Base */,
			);
			name = LaunchScreen.storyboard;
			sourceTree = "<group>";
		};
/* End PBXVariantGroup section */

/* Begin XCBuildConfiguration section */
		8BA5217C2428D2B6009888AF /* Debug */ = {
			isa = XCBuildConfiguration;
			buildSettings = {
				ALWAYS_SEARCH_USER_PATHS = NO;
				CLANG_ANALYZER_NONNULL = YES;
				CLANG_ANALYZER_NUMBER_OBJECT_CONVERSION = YES_AGGRESSIVE;
				CLANG_CXX_LANGUAGE_STANDARD = "gnu++14";
				CLANG_CXX_LIBRARY = "libc++";
				CLANG_ENABLE_MODULES = YES;
				CLANG_ENABLE_OBJC_ARC = YES;
				CLANG_ENABLE_OBJC_WEAK = YES;
				CLANG_WARN_BLOCK_CAPTURE_AUTORELEASING = YES;
				CLANG_WARN_BOOL_CONVERSION = YES;
				CLANG_WARN_COMMA = YES;
				CLANG_WARN_CONSTANT_CONVERSION = YES;
				CLANG_WARN_DEPRECATED_OBJC_IMPLEMENTATIONS = YES;
				CLANG_WARN_DIRECT_OBJC_ISA_USAGE = YES_ERROR;
				CLANG_WARN_DOCUMENTATION_COMMENTS = YES;
				CLANG_WARN_EMPTY_BODY = YES;
				CLANG_WARN_ENUM_CONVERSION = YES;
				CLANG_WARN_INFINITE_RECURSION = YES;
				CLANG_WARN_INT_CONVERSION = YES;
				CLANG_WARN_NON_LITERAL_NULL_CONVERSION = YES;
				CLANG_WARN_OBJC_IMPLICIT_RETAIN_SELF = YES;
				CLANG_WARN_OBJC_LITERAL_CONVERSION = YES;
				CLANG_WARN_OBJC_ROOT_CLASS = YES_ERROR;
				CLANG_WARN_RANGE_LOOP_ANALYSIS = YES;
				CLANG_WARN_STRICT_PROTOTYPES = YES;
				CLANG_WARN_SUSPICIOUS_MOVE = YES;
				CLANG_WARN_UNGUARDED_AVAILABILITY = YES_AGGRESSIVE;
				CLANG_WARN_UNREACHABLE_CODE = YES;
				CLANG_WARN__DUPLICATE_METHOD_MATCH = YES;
				COPY_PHASE_STRIP = NO;
				DEBUG_INFORMATION_FORMAT = dwarf;
				ENABLE_STRICT_OBJC_MSGSEND = YES;
				ENABLE_TESTABILITY = YES;
				GCC_C_LANGUAGE_STANDARD = gnu11;
				GCC_DYNAMIC_NO_PIC = NO;
				GCC_NO_COMMON_BLOCKS = YES;
				GCC_OPTIMIZATION_LEVEL = 0;
				GCC_PREPROCESSOR_DEFINITIONS = (
					"DEBUG=1",
					"$(inherited)",
				);
				GCC_WARN_64_TO_32_BIT_CONVERSION = YES;
				GCC_WARN_ABOUT_RETURN_TYPE = YES_ERROR;
				GCC_WARN_UNDECLARED_SELECTOR = YES;
				GCC_WARN_UNINITIALIZED_AUTOS = YES_AGGRESSIVE;
				GCC_WARN_UNUSED_FUNCTION = YES;
				GCC_WARN_UNUSED_VARIABLE = YES;
				IPHONEOS_DEPLOYMENT_TARGET = 13.2;
				MTL_ENABLE_DEBUG_INFO = INCLUDE_SOURCE;
				MTL_FAST_MATH = YES;
				ONLY_ACTIVE_ARCH = YES;
				SDKROOT = iphoneos;
				SWIFT_ACTIVE_COMPILATION_CONDITIONS = DEBUG;
				SWIFT_OPTIMIZATION_LEVEL = "-Onone";
			};
			name = Debug;
		};
		8BA5217D2428D2B6009888AF /* Release */ = {
			isa = XCBuildConfiguration;
			buildSettings = {
				ALWAYS_SEARCH_USER_PATHS = NO;
				CLANG_ANALYZER_NONNULL = YES;
				CLANG_ANALYZER_NUMBER_OBJECT_CONVERSION = YES_AGGRESSIVE;
				CLANG_CXX_LANGUAGE_STANDARD = "gnu++14";
				CLANG_CXX_LIBRARY = "libc++";
				CLANG_ENABLE_MODULES = YES;
				CLANG_ENABLE_OBJC_ARC = YES;
				CLANG_ENABLE_OBJC_WEAK = YES;
				CLANG_WARN_BLOCK_CAPTURE_AUTORELEASING = YES;
				CLANG_WARN_BOOL_CONVERSION = YES;
				CLANG_WARN_COMMA = YES;
				CLANG_WARN_CONSTANT_CONVERSION = YES;
				CLANG_WARN_DEPRECATED_OBJC_IMPLEMENTATIONS = YES;
				CLANG_WARN_DIRECT_OBJC_ISA_USAGE = YES_ERROR;
				CLANG_WARN_DOCUMENTATION_COMMENTS = YES;
				CLANG_WARN_EMPTY_BODY = YES;
				CLANG_WARN_ENUM_CONVERSION = YES;
				CLANG_WARN_INFINITE_RECURSION = YES;
				CLANG_WARN_INT_CONVERSION = YES;
				CLANG_WARN_NON_LITERAL_NULL_CONVERSION = YES;
				CLANG_WARN_OBJC_IMPLICIT_RETAIN_SELF = YES;
				CLANG_WARN_OBJC_LITERAL_CONVERSION = YES;
				CLANG_WARN_OBJC_ROOT_CLASS = YES_ERROR;
				CLANG_WARN_RANGE_LOOP_ANALYSIS = YES;
				CLANG_WARN_STRICT_PROTOTYPES = YES;
				CLANG_WARN_SUSPICIOUS_MOVE = YES;
				CLANG_WARN_UNGUARDED_AVAILABILITY = YES_AGGRESSIVE;
				CLANG_WARN_UNREACHABLE_CODE = YES;
				CLANG_WARN__DUPLICATE_METHOD_MATCH = YES;
				COPY_PHASE_STRIP = NO;
				DEBUG_INFORMATION_FORMAT = "dwarf-with-dsym";
				ENABLE_NS_ASSERTIONS = NO;
				ENABLE_STRICT_OBJC_MSGSEND = YES;
				GCC_C_LANGUAGE_STANDARD = gnu11;
				GCC_NO_COMMON_BLOCKS = YES;
				GCC_WARN_64_TO_32_BIT_CONVERSION = YES;
				GCC_WARN_ABOUT_RETURN_TYPE = YES_ERROR;
				GCC_WARN_UNDECLARED_SELECTOR = YES;
				GCC_WARN_UNINITIALIZED_AUTOS = YES_AGGRESSIVE;
				GCC_WARN_UNUSED_FUNCTION = YES;
				GCC_WARN_UNUSED_VARIABLE = YES;
				IPHONEOS_DEPLOYMENT_TARGET = 13.2;
				MTL_ENABLE_DEBUG_INFO = NO;
				MTL_FAST_MATH = YES;
				SDKROOT = iphoneos;
				SWIFT_COMPILATION_MODE = wholemodule;
				SWIFT_OPTIMIZATION_LEVEL = "-O";
				VALIDATE_PRODUCT = YES;
			};
			name = Release;
		};
		8BA5217F2428D2B6009888AF /* Debug */ = {
			isa = XCBuildConfiguration;
			baseConfigurationReference = DEF6B76C4BD5712F43BF5DFE /* Pods-RickAndMorty-SwiftUI-Combine.debug.xcconfig */;
			buildSettings = {
				ASSETCATALOG_COMPILER_APPICON_NAME = AppIcon;
				CODE_SIGN_STYLE = Automatic;
				DEVELOPMENT_ASSET_PATHS = "\"RickAndMorty-SwiftUI-Combine/Preview Content\"";
				DEVELOPMENT_TEAM = 5V8RJEQVZK;
				ENABLE_PREVIEWS = YES;
				INFOPLIST_FILE = "RickAndMorty-SwiftUI-Combine/Info.plist";
				LD_RUNPATH_SEARCH_PATHS = (
					"$(inherited)",
					"@executable_path/Frameworks",
				);
				PRODUCT_BUNDLE_IDENTIFIER = "com.Akar.RickAndMorty-SwiftUI-Combine";
				PRODUCT_NAME = "$(TARGET_NAME)";
				SWIFT_VERSION = 5.0;
				TARGETED_DEVICE_FAMILY = "1,2";
			};
			name = Debug;
		};
		8BA521802428D2B6009888AF /* Release */ = {
			isa = XCBuildConfiguration;
			baseConfigurationReference = 33ECFBC46BB0ED6280FE4AF4 /* Pods-RickAndMorty-SwiftUI-Combine.release.xcconfig */;
			buildSettings = {
				ASSETCATALOG_COMPILER_APPICON_NAME = AppIcon;
				CODE_SIGN_STYLE = Automatic;
				DEVELOPMENT_ASSET_PATHS = "\"RickAndMorty-SwiftUI-Combine/Preview Content\"";
				DEVELOPMENT_TEAM = 5V8RJEQVZK;
				ENABLE_PREVIEWS = YES;
				INFOPLIST_FILE = "RickAndMorty-SwiftUI-Combine/Info.plist";
				LD_RUNPATH_SEARCH_PATHS = (
					"$(inherited)",
					"@executable_path/Frameworks",
				);
				PRODUCT_BUNDLE_IDENTIFIER = "com.Akar.RickAndMorty-SwiftUI-Combine";
				PRODUCT_NAME = "$(TARGET_NAME)";
				SWIFT_VERSION = 5.0;
				TARGETED_DEVICE_FAMILY = "1,2";
			};
			name = Release;
		};
/* End XCBuildConfiguration section */

/* Begin XCConfigurationList section */
		8BA521652428D2B1009888AF /* Build configuration list for PBXProject "RickAndMorty-SwiftUI-Combine" */ = {
			isa = XCConfigurationList;
			buildConfigurations = (
				8BA5217C2428D2B6009888AF /* Debug */,
				8BA5217D2428D2B6009888AF /* Release */,
			);
			defaultConfigurationIsVisible = 0;
			defaultConfigurationName = Release;
		};
		8BA5217E2428D2B6009888AF /* Build configuration list for PBXNativeTarget "RickAndMorty-SwiftUI-Combine" */ = {
			isa = XCConfigurationList;
			buildConfigurations = (
				8BA5217F2428D2B6009888AF /* Debug */,
				8BA521802428D2B6009888AF /* Release */,
			);
			defaultConfigurationIsVisible = 0;
			defaultConfigurationName = Release;
		};
/* End XCConfigurationList section */
	};
	rootObject = 8BA521622428D2B1009888AF /* Project object */;
}
